uuid: 72635ae5-3fd0-4ebf-b1d0-bd5f36e7bf3e
langcode: en
status: true
dependencies:
  module:
    - system
    - youtube_block
  theme:
    - wikivisually_theme
id: wikivisually_theme_youtubechannelblock
theme: wikivisually_theme
region: sidebar_trending
weight: -9
provider: null
plugin: youtube_channel_block
settings:
  id: youtube_channel_block
  label: 'TRENDING VIDEOS'
  provider: youtube_block
  label_display: visible
  youtube_api_key: AIzaSyDKWrrQE3S5BYDkbTcQh3uVqTaCq6ZcRX8
  youtube_id: PLXFqgSHv3_6j-sS48aBF6Z2NB6jV5K1wN
visibility:
  request_path:
    id: request_path
    pages: "<front>\r\n/home/people\r\n/home/places\r\n/home/history\r\n/home/art\r\n/home/science"
    negate: false
    context_mapping: {  }
